
Microsoft Visual Studio Solution File, Format Version 12.00
# Visual Studio Version 16
VisualStudioVersion = 16.0.30320.27
MinimumVisualStudioVersion = 10.0.40219.1
Project("{9A19103F-16F7-4668-BE54-9A1E7A4F7556}") = "FilaProcessamentoRabbitMQ", "FilaProcessamentoRabbitMQ\FilaProcessamentoRabbitMQ.csproj", "{33B06086-035B-46FB-AF4E-053BC3EC8627}"
EndProject
Project("{FAE04EC0-301F-11D3-BF4B-00C04F79EFBC}") = "consumidor", "consumidor\consumidor.csproj", "{BA7B7F73-316C-4181-BEFA-D3D3B5214FC5}"
EndProject
Global
	GlobalSection(SolutionConfigurationPlatforms) = preSolution
		Debug|Any CPU = Debug|Any CPU
		Release|Any CPU = Release|Any CPU
	EndGlobalSection
	GlobalSection(ProjectConfigurationPlatforms) = postSolution
		{33B06086-035B-46FB-AF4E-053BC3EC8627}.Debug|Any CPU.ActiveCfg = Debug|Any CPU
		{33B06086-035B-46FB-AF4E-053BC3EC8627}.Debug|Any CPU.Build.0 = Debug|Any CPU
		{33B06086-035B-46FB-AF4E-053BC3EC8627}.Release|Any CPU.ActiveCfg = Release|Any CPU
		{33B06086-035B-46FB-AF4E-053BC3EC8627}.Release|Any CPU.Build.0 = Release|Any CPU
		{BA7B7F73-316C-4181-BEFA-D3D3B5214FC5}.Debug|Any CPU.ActiveCfg = Debug|Any CPU
		{BA7B7F73-316C-4181-BEFA-D3D3B5214FC5}.Debug|Any CPU.Build.0 = Debug|Any CPU
		{BA7B7F73-316C-4181-BEFA-D3D3B5214FC5}.Release|Any CPU.ActiveCfg = Release|Any CPU
		{BA7B7F73-316C-4181-BEFA-D3D3B5214FC5}.Release|Any CPU.Build.0 = Release|Any CPU
	EndGlobalSection
	GlobalSection(SolutionProperties) = preSolution
		HideSolutionNode = FALSE
	EndGlobalSection
	GlobalSection(ExtensibilityGlobals) = postSolution
		SolutionGuid = {3393631A-3949-4BB0-B54C-E41CAFA5C2EC}
	EndGlobalSection
EndGlobal
